// !$*UTF8*$!
{
	archiveVersion = 1;
	classes = {
	};
	objectVersion = 55;
	objects = {

/* Begin PBXBuildFile section */
		3AEFA2DE284E32510021330F /* InvestmentsAppApp.swift in Sources */ = {isa = PBXBuildFile; fileRef = 3AEFA2DD284E32510021330F /* InvestmentsAppApp.swift */; };
		3AEFA2E0284E32510021330F /* ContentView.swift in Sources */ = {isa = PBXBuildFile; fileRef = 3AEFA2DF284E32510021330F /* ContentView.swift */; };
		3AEFA2E2284E32520021330F /* Assets.xcassets in Resources */ = {isa = PBXBuildFile; fileRef = 3AEFA2E1284E32520021330F /* Assets.xcassets */; };
		3AEFA2E5284E32520021330F /* Preview Assets.xcassets in Resources */ = {isa = PBXBuildFile; fileRef = 3AEFA2E4284E32520021330F /* Preview Assets.xcassets */; };
		3AEFA2ED284E32820021330F /* MarketOperation.swift in Sources */ = {isa = PBXBuildFile; fileRef = 3AEFA2EC284E32820021330F /* MarketOperation.swift */; };
		3AEFA2EF284E33860021330F /* MarketData.swift in Sources */ = {isa = PBXBuildFile; fileRef = 3AEFA2EE284E33860021330F /* MarketData.swift */; };
		3AEFA2F2284E35440021330F /* PortfolioView.swift in Sources */ = {isa = PBXBuildFile; fileRef = 3AEFA2F1284E35440021330F /* PortfolioView.swift */; };
		3AEFA2F4284F2C880021330F /* OperationsView.swift in Sources */ = {isa = PBXBuildFile; fileRef = 3AEFA2F3284F2C880021330F /* OperationsView.swift */; };
		3AEFA2F6284F2C9A0021330F /* OperationView.swift in Sources */ = {isa = PBXBuildFile; fileRef = 3AEFA2F5284F2C9A0021330F /* OperationView.swift */; };
		3AEFA2F9284F334F0021330F /* OperationsViewModel.swift in Sources */ = {isa = PBXBuildFile; fileRef = 3AEFA2F8284F334F0021330F /* OperationsViewModel.swift */; };
		3AEFA2FB284F33590021330F /* PortfolioViewModel.swift in Sources */ = {isa = PBXBuildFile; fileRef = 3AEFA2FA284F33590021330F /* PortfolioViewModel.swift */; };
		3AEFA2FE284F33950021330F /* StockMarketService.swift in Sources */ = {isa = PBXBuildFile; fileRef = 3AEFA2FD284F33950021330F /* StockMarketService.swift */; };
		3AEFA300284F33BC0021330F /* AlphaVintageService.swift in Sources */ = {isa = PBXBuildFile; fileRef = 3AEFA2FF284F33BC0021330F /* AlphaVintageService.swift */; };
		3AEFA303284F37990021330F /* OperationViewModel.swift in Sources */ = {isa = PBXBuildFile; fileRef = 3AEFA302284F37990021330F /* OperationViewModel.swift */; };
		3AEFA305284F37C60021330F /* LocalStorageManager.swift in Sources */ = {isa = PBXBuildFile; fileRef = 3AEFA304284F37C60021330F /* LocalStorageManager.swift */; };
		3AEFA307284F37DB0021330F /* CoreDataManager.swift in Sources */ = {isa = PBXBuildFile; fileRef = 3AEFA306284F37DB0021330F /* CoreDataManager.swift */; };
		3AEFA309284F37FC0021330F /* MockManager.swift in Sources */ = {isa = PBXBuildFile; fileRef = 3AEFA308284F37FC0021330F /* MockManager.swift */; };
		3AEFA30D284F38A50021330F /* Date+Extension.swift in Sources */ = {isa = PBXBuildFile; fileRef = 3AEFA30B284F38A50021330F /* Date+Extension.swift */; };
		3AEFA30E284F38A50021330F /* View+Extension.swift in Sources */ = {isa = PBXBuildFile; fileRef = 3AEFA30C284F38A50021330F /* View+Extension.swift */; };
		3AEFA310284FA42B0021330F /* ViewsRouter.swift in Sources */ = {isa = PBXBuildFile; fileRef = 3AEFA30F284FA42B0021330F /* ViewsRouter.swift */; };
		3AEFA312285085E80021330F /* LocalStorageViewModel.swift in Sources */ = {isa = PBXBuildFile; fileRef = 3AEFA311285085E80021330F /* LocalStorageViewModel.swift */; };
/* End PBXBuildFile section */

/* Begin PBXFileReference section */
		3AEFA2DA284E32510021330F /* InvestmentsApp.app */ = {isa = PBXFileReference; explicitFileType = wrapper.application; includeInIndex = 0; path = InvestmentsApp.app; sourceTree = BUILT_PRODUCTS_DIR; };
		3AEFA2DD284E32510021330F /* InvestmentsAppApp.swift */ = {isa = PBXFileReference; lastKnownFileType = sourcecode.swift; path = InvestmentsAppApp.swift; sourceTree = "<group>"; };
		3AEFA2DF284E32510021330F /* ContentView.swift */ = {isa = PBXFileReference; lastKnownFileType = sourcecode.swift; path = ContentView.swift; sourceTree = "<group>"; };
		3AEFA2E1284E32520021330F /* Assets.xcassets */ = {isa = PBXFileReference; lastKnownFileType = folder.assetcatalog; path = Assets.xcassets; sourceTree = "<group>"; };
		3AEFA2E4284E32520021330F /* Preview Assets.xcassets */ = {isa = PBXFileReference; lastKnownFileType = folder.assetcatalog; path = "Preview Assets.xcassets"; sourceTree = "<group>"; };
		3AEFA2EC284E32820021330F /* MarketOperation.swift */ = {isa = PBXFileReference; lastKnownFileType = sourcecode.swift; path = MarketOperation.swift; sourceTree = "<group>"; };
		3AEFA2EE284E33860021330F /* MarketData.swift */ = {isa = PBXFileReference; lastKnownFileType = sourcecode.swift; path = MarketData.swift; sourceTree = "<group>"; };
		3AEFA2F1284E35440021330F /* PortfolioView.swift */ = {isa = PBXFileReference; lastKnownFileType = sourcecode.swift; path = PortfolioView.swift; sourceTree = "<group>"; };
		3AEFA2F3284F2C880021330F /* OperationsView.swift */ = {isa = PBXFileReference; lastKnownFileType = sourcecode.swift; path = OperationsView.swift; sourceTree = "<group>"; };
		3AEFA2F5284F2C9A0021330F /* OperationView.swift */ = {isa = PBXFileReference; lastKnownFileType = sourcecode.swift; path = OperationView.swift; sourceTree = "<group>"; };
		3AEFA2F8284F334F0021330F /* OperationsViewModel.swift */ = {isa = PBXFileReference; lastKnownFileType = sourcecode.swift; path = OperationsViewModel.swift; sourceTree = "<group>"; };
		3AEFA2FA284F33590021330F /* PortfolioViewModel.swift */ = {isa = PBXFileReference; lastKnownFileType = sourcecode.swift; path = PortfolioViewModel.swift; sourceTree = "<group>"; };
		3AEFA2FD284F33950021330F /* StockMarketService.swift */ = {isa = PBXFileReference; lastKnownFileType = sourcecode.swift; path = StockMarketService.swift; sourceTree = "<group>"; };
		3AEFA2FF284F33BC0021330F /* AlphaVintageService.swift */ = {isa = PBXFileReference; lastKnownFileType = sourcecode.swift; path = AlphaVintageService.swift; sourceTree = "<group>"; };
		3AEFA302284F37990021330F /* OperationViewModel.swift */ = {isa = PBXFileReference; lastKnownFileType = sourcecode.swift; path = OperationViewModel.swift; sourceTree = "<group>"; };
		3AEFA304284F37C60021330F /* LocalStorageManager.swift */ = {isa = PBXFileReference; lastKnownFileType = sourcecode.swift; path = LocalStorageManager.swift; sourceTree = "<group>"; };
		3AEFA306284F37DB0021330F /* CoreDataManager.swift */ = {isa = PBXFileReference; lastKnownFileType = sourcecode.swift; path = CoreDataManager.swift; sourceTree = "<group>"; };
		3AEFA308284F37FC0021330F /* MockManager.swift */ = {isa = PBXFileReference; lastKnownFileType = sourcecode.swift; path = MockManager.swift; sourceTree = "<group>"; };
		3AEFA30B284F38A50021330F /* Date+Extension.swift */ = {isa = PBXFileReference; fileEncoding = 4; lastKnownFileType = sourcecode.swift; path = "Date+Extension.swift"; sourceTree = "<group>"; };
		3AEFA30C284F38A50021330F /* View+Extension.swift */ = {isa = PBXFileReference; fileEncoding = 4; lastKnownFileType = sourcecode.swift; path = "View+Extension.swift"; sourceTree = "<group>"; };
		3AEFA30F284FA42B0021330F /* ViewsRouter.swift */ = {isa = PBXFileReference; lastKnownFileType = sourcecode.swift; path = ViewsRouter.swift; sourceTree = "<group>"; };
		3AEFA311285085E80021330F /* LocalStorageViewModel.swift */ = {isa = PBXFileReference; lastKnownFileType = sourcecode.swift; path = LocalStorageViewModel.swift; sourceTree = "<group>"; };
/* End PBXFileReference section */

/* Begin PBXFrameworksBuildPhase section */
		3AEFA2D7284E32510021330F /* Frameworks */ = {
			isa = PBXFrameworksBuildPhase;
			buildActionMask = 2147483647;
			files = (
			);
			runOnlyForDeploymentPostprocessing = 0;
		};
/* End PBXFrameworksBuildPhase section */

/* Begin PBXGroup section */
		3AEFA2D1284E32510021330F = {
			isa = PBXGroup;
			children = (
				3AEFA2DC284E32510021330F /* InvestmentsApp */,
				3AEFA2DB284E32510021330F /* Products */,
			);
			sourceTree = "<group>";
		};
		3AEFA2DB284E32510021330F /* Products */ = {
			isa = PBXGroup;
			children = (
				3AEFA2DA284E32510021330F /* InvestmentsApp.app */,
			);
			name = Products;
			sourceTree = "<group>";
		};
		3AEFA2DC284E32510021330F /* InvestmentsApp */ = {
			isa = PBXGroup;
			children = (
				3AEFA2DD284E32510021330F /* InvestmentsAppApp.swift */,
				3AEFA2EB284E32660021330F /* Models */,
				3AEFA2F0284E351B0021330F /* Views */,
				3AEFA2F7284F2FE30021330F /* ViewModels */,
				3AEFA2FC284F33670021330F /* Services */,
				3AEFA301284F33DE0021330F /* LocalStorage */,
				3AEFA30A284F38840021330F /* Extensions */,
				3AEFA2E1284E32520021330F /* Assets.xcassets */,
				3AEFA2E3284E32520021330F /* Preview Content */,
			);
			path = InvestmentsApp;
			sourceTree = "<group>";
		};
		3AEFA2E3284E32520021330F /* Preview Content */ = {
			isa = PBXGroup;
			children = (
				3AEFA2E4284E32520021330F /* Preview Assets.xcassets */,
			);
			path = "Preview Content";
			sourceTree = "<group>";
		};
		3AEFA2EB284E32660021330F /* Models */ = {
			isa = PBXGroup;
			children = (
				3AEFA2EC284E32820021330F /* MarketOperation.swift */,
				3AEFA2EE284E33860021330F /* MarketData.swift */,
			);
			path = Models;
			sourceTree = "<group>";
		};
		3AEFA2F0284E351B0021330F /* Views */ = {
			isa = PBXGroup;
			children = (
				3AEFA2DF284E32510021330F /* ContentView.swift */,
				3AEFA2F1284E35440021330F /* PortfolioView.swift */,
				3AEFA2F3284F2C880021330F /* OperationsView.swift */,
				3AEFA2F5284F2C9A0021330F /* OperationView.swift */,
			);
			path = Views;
			sourceTree = "<group>";
		};
		3AEFA2F7284F2FE30021330F /* ViewModels */ = {
			isa = PBXGroup;
			children = (
				3AEFA30F284FA42B0021330F /* ViewsRouter.swift */,
				3AEFA311285085E80021330F /* LocalStorageViewModel.swift */,
				3AEFA2FA284F33590021330F /* PortfolioViewModel.swift */,
				3AEFA2F8284F334F0021330F /* OperationsViewModel.swift */,
				3AEFA302284F37990021330F /* OperationViewModel.swift */,
			);
			path = ViewModels;
			sourceTree = "<group>";
		};
		3AEFA2FC284F33670021330F /* Services */ = {
			isa = PBXGroup;
			children = (
				3AEFA2FD284F33950021330F /* StockMarketService.swift */,
				3AEFA2FF284F33BC0021330F /* AlphaVintageService.swift */,
			);
			path = Services;
			sourceTree = "<group>";
		};
		3AEFA301284F33DE0021330F /* LocalStorage */ = {
			isa = PBXGroup;
			children = (
				3AEFA304284F37C60021330F /* LocalStorageManager.swift */,
				3AEFA306284F37DB0021330F /* CoreDataManager.swift */,
				3AEFA308284F37FC0021330F /* MockManager.swift */,
			);
			path = LocalStorage;
			sourceTree = "<group>";
		};
		3AEFA30A284F38840021330F /* Extensions */ = {
			isa = PBXGroup;
			children = (
				3AEFA30B284F38A50021330F /* Date+Extension.swift */,
				3AEFA30C284F38A50021330F /* View+Extension.swift */,
			);
			path = Extensions;
			sourceTree = "<group>";
		};
/* End PBXGroup section */

/* Begin PBXNativeTarget section */
		3AEFA2D9284E32510021330F /* InvestmentsApp */ = {
			isa = PBXNativeTarget;
			buildConfigurationList = 3AEFA2E8284E32520021330F /* Build configuration list for PBXNativeTarget "InvestmentsApp" */;
			buildPhases = (
				3AEFA2D6284E32510021330F /* Sources */,
				3AEFA2D7284E32510021330F /* Frameworks */,
				3AEFA2D8284E32510021330F /* Resources */,
			);
			buildRules = (
			);
			dependencies = (
			);
			name = InvestmentsApp;
			productName = InvestmentsApp;
			productReference = 3AEFA2DA284E32510021330F /* InvestmentsApp.app */;
			productType = "com.apple.product-type.application";
		};
/* End PBXNativeTarget section */

/* Begin PBXProject section */
		3AEFA2D2284E32510021330F /* Project object */ = {
			isa = PBXProject;
			attributes = {
				BuildIndependentTargetsInParallel = 1;
				LastSwiftUpdateCheck = 1340;
				LastUpgradeCheck = 1340;
				TargetAttributes = {
					3AEFA2D9284E32510021330F = {
						CreatedOnToolsVersion = 13.4;
					};
				};
			};
			buildConfigurationList = 3AEFA2D5284E32510021330F /* Build configuration list for PBXProject "InvestmentsApp" */;
			compatibilityVersion = "Xcode 13.0";
			developmentRegion = en;
			hasScannedForEncodings = 0;
			knownRegions = (
				en,
				Base,
			);
			mainGroup = 3AEFA2D1284E32510021330F;
			productRefGroup = 3AEFA2DB284E32510021330F /* Products */;
			projectDirPath = "";
			projectRoot = "";
			targets = (
				3AEFA2D9284E32510021330F /* InvestmentsApp */,
			);
		};
/* End PBXProject section */

/* Begin PBXResourcesBuildPhase section */
		3AEFA2D8284E32510021330F /* Resources */ = {
			isa = PBXResourcesBuildPhase;
			buildActionMask = 2147483647;
			files = (
				3AEFA2E5284E32520021330F /* Preview Assets.xcassets in Resources */,
				3AEFA2E2284E32520021330F /* Assets.xcassets in Resources */,
			);
			runOnlyForDeploymentPostprocessing = 0;
		};
/* End PBXResourcesBuildPhase section */

/* Begin PBXSourcesBuildPhase section */
		3AEFA2D6284E32510021330F /* Sources */ = {
			isa = PBXSourcesBuildPhase;
			buildActionMask = 2147483647;
			files = (
				3AEFA2F6284F2C9A0021330F /* OperationView.swift in Sources */,
				3AEFA305284F37C60021330F /* LocalStorageManager.swift in Sources */,
				3AEFA2F4284F2C880021330F /* OperationsView.swift in Sources */,
				3AEFA30E284F38A50021330F /* View+Extension.swift in Sources */,
				3AEFA309284F37FC0021330F /* MockManager.swift in Sources */,
				3AEFA2FE284F33950021330F /* StockMarketService.swift in Sources */,
				3AEFA30D284F38A50021330F /* Date+Extension.swift in Sources */,
				3AEFA2E0284E32510021330F /* ContentView.swift in Sources */,
				3AEFA300284F33BC0021330F /* AlphaVintageService.swift in Sources */,
				3AEFA2F2284E35440021330F /* PortfolioView.swift in Sources */,
				3AEFA2F9284F334F0021330F /* OperationsViewModel.swift in Sources */,
				3AEFA2EF284E33860021330F /* MarketData.swift in Sources */,
				3AEFA303284F37990021330F /* OperationViewModel.swift in Sources */,
				3AEFA310284FA42B0021330F /* ViewsRouter.swift in Sources */,
				3AEFA312285085E80021330F /* LocalStorageViewModel.swift in Sources */,
				3AEFA2DE284E32510021330F /* InvestmentsAppApp.swift in Sources */,
				3AEFA2ED284E32820021330F /* MarketOperation.swift in Sources */,
				3AEFA307284F37DB0021330F /* CoreDataManager.swift in Sources */,
				3AEFA2FB284F33590021330F /* PortfolioViewModel.swift in Sources */,
			);
			runOnlyForDeploymentPostprocessing = 0;
		};
/* End PBXSourcesBuildPhase section */

/* Begin XCBuildConfiguration section */
		3AEFA2E6284E32520021330F /* Debug */ = {
			isa = XCBuildConfiguration;
			buildSettings = {
				ALWAYS_SEARCH_USER_PATHS = NO;
				CLANG_ANALYZER_NONNULL = YES;
				CLANG_ANALYZER_NUMBER_OBJECT_CONVERSION = YES_AGGRESSIVE;
				CLANG_CXX_LANGUAGE_STANDARD = "gnu++17";
				CLANG_ENABLE_MODULES = YES;
				CLANG_ENABLE_OBJC_ARC = YES;
				CLANG_ENABLE_OBJC_WEAK = YES;
				CLANG_WARN_BLOCK_CAPTURE_AUTORELEASING = YES;
				CLANG_WARN_BOOL_CONVERSION = YES;
				CLANG_WARN_COMMA = YES;
				CLANG_WARN_CONSTANT_CONVERSION = YES;
				CLANG_WARN_DEPRECATED_OBJC_IMPLEMENTATIONS = YES;
				CLANG_WARN_DIRECT_OBJC_ISA_USAGE = YES_ERROR;
				CLANG_WARN_DOCUMENTATION_COMMENTS = YES;
				CLANG_WARN_EMPTY_BODY = YES;
				CLANG_WARN_ENUM_CONVERSION = YES;
				CLANG_WARN_INFINITE_RECURSION = YES;
				CLANG_WARN_INT_CONVERSION = YES;
				CLANG_WARN_NON_LITERAL_NULL_CONVERSION = YES;
				CLANG_WARN_OBJC_IMPLICIT_RETAIN_SELF = YES;
				CLANG_WARN_OBJC_LITERAL_CONVERSION = YES;
				CLANG_WARN_OBJC_ROOT_CLASS = YES_ERROR;
				CLANG_WARN_QUOTED_INCLUDE_IN_FRAMEWORK_HEADER = YES;
				CLANG_WARN_RANGE_LOOP_ANALYSIS = YES;
				CLANG_WARN_STRICT_PROTOTYPES = YES;
				CLANG_WARN_SUSPICIOUS_MOVE = YES;
				CLANG_WARN_UNGUARDED_AVAILABILITY = YES_AGGRESSIVE;
				CLANG_WARN_UNREACHABLE_CODE = YES;
				CLANG_WARN__DUPLICATE_METHOD_MATCH = YES;
				COPY_PHASE_STRIP = NO;
				DEBUG_INFORMATION_FORMAT = dwarf;
				ENABLE_STRICT_OBJC_MSGSEND = YES;
				ENABLE_TESTABILITY = YES;
				GCC_C_LANGUAGE_STANDARD = gnu11;
				GCC_DYNAMIC_NO_PIC = NO;
				GCC_NO_COMMON_BLOCKS = YES;
				GCC_OPTIMIZATION_LEVEL = 0;
				GCC_PREPROCESSOR_DEFINITIONS = (
					"DEBUG=1",
					"$(inherited)",
				);
				GCC_WARN_64_TO_32_BIT_CONVERSION = YES;
				GCC_WARN_ABOUT_RETURN_TYPE = YES_ERROR;
				GCC_WARN_UNDECLARED_SELECTOR = YES;
				GCC_WARN_UNINITIALIZED_AUTOS = YES_AGGRESSIVE;
				GCC_WARN_UNUSED_FUNCTION = YES;
				GCC_WARN_UNUSED_VARIABLE = YES;
				IPHONEOS_DEPLOYMENT_TARGET = 15.5;
				MTL_ENABLE_DEBUG_INFO = INCLUDE_SOURCE;
				MTL_FAST_MATH = YES;
				ONLY_ACTIVE_ARCH = YES;
				SDKROOT = iphoneos;
				SWIFT_ACTIVE_COMPILATION_CONDITIONS = DEBUG;
				SWIFT_OPTIMIZATION_LEVEL = "-Onone";
			};
			name = Debug;
		};
		3AEFA2E7284E32520021330F /* Release */ = {
			isa = XCBuildConfiguration;
			buildSettings = {
				ALWAYS_SEARCH_USER_PATHS = NO;
				CLANG_ANALYZER_NONNULL = YES;
				CLANG_ANALYZER_NUMBER_OBJECT_CONVERSION = YES_AGGRESSIVE;
				CLANG_CXX_LANGUAGE_STANDARD = "gnu++17";
				CLANG_ENABLE_MODULES = YES;
				CLANG_ENABLE_OBJC_ARC = YES;
				CLANG_ENABLE_OBJC_WEAK = YES;
				CLANG_WARN_BLOCK_CAPTURE_AUTORELEASING = YES;
				CLANG_WARN_BOOL_CONVERSION = YES;
				CLANG_WARN_COMMA = YES;
				CLANG_WARN_CONSTANT_CONVERSION = YES;
				CLANG_WARN_DEPRECATED_OBJC_IMPLEMENTATIONS = YES;
				CLANG_WARN_DIRECT_OBJC_ISA_USAGE = YES_ERROR;
				CLANG_WARN_DOCUMENTATION_COMMENTS = YES;
				CLANG_WARN_EMPTY_BODY = YES;
				CLANG_WARN_ENUM_CONVERSION = YES;
				CLANG_WARN_INFINITE_RECURSION = YES;
				CLANG_WARN_INT_CONVERSION = YES;
				CLANG_WARN_NON_LITERAL_NULL_CONVERSION = YES;
				CLANG_WARN_OBJC_IMPLICIT_RETAIN_SELF = YES;
				CLANG_WARN_OBJC_LITERAL_CONVERSION = YES;
				CLANG_WARN_OBJC_ROOT_CLASS = YES_ERROR;
				CLANG_WARN_QUOTED_INCLUDE_IN_FRAMEWORK_HEADER = YES;
				CLANG_WARN_RANGE_LOOP_ANALYSIS = YES;
				CLANG_WARN_STRICT_PROTOTYPES = YES;
				CLANG_WARN_SUSPICIOUS_MOVE = YES;
				CLANG_WARN_UNGUARDED_AVAILABILITY = YES_AGGRESSIVE;
				CLANG_WARN_UNREACHABLE_CODE = YES;
				CLANG_WARN__DUPLICATE_METHOD_MATCH = YES;
				COPY_PHASE_STRIP = NO;
				DEBUG_INFORMATION_FORMAT = "dwarf-with-dsym";
				ENABLE_NS_ASSERTIONS = NO;
				ENABLE_STRICT_OBJC_MSGSEND = YES;
				GCC_C_LANGUAGE_STANDARD = gnu11;
				GCC_NO_COMMON_BLOCKS = YES;
				GCC_WARN_64_TO_32_BIT_CONVERSION = YES;
				GCC_WARN_ABOUT_RETURN_TYPE = YES_ERROR;
				GCC_WARN_UNDECLARED_SELECTOR = YES;
				GCC_WARN_UNINITIALIZED_AUTOS = YES_AGGRESSIVE;
				GCC_WARN_UNUSED_FUNCTION = YES;
				GCC_WARN_UNUSED_VARIABLE = YES;
				IPHONEOS_DEPLOYMENT_TARGET = 15.5;
				MTL_ENABLE_DEBUG_INFO = NO;
				MTL_FAST_MATH = YES;
				SDKROOT = iphoneos;
				SWIFT_COMPILATION_MODE = wholemodule;
				SWIFT_OPTIMIZATION_LEVEL = "-O";
				VALIDATE_PRODUCT = YES;
			};
			name = Release;
		};
		3AEFA2E9284E32520021330F /* Debug */ = {
			isa = XCBuildConfiguration;
			buildSettings = {
				ASSETCATALOG_COMPILER_APPICON_NAME = AppIcon;
				ASSETCATALOG_COMPILER_GLOBAL_ACCENT_COLOR_NAME = AccentColor;
				CODE_SIGN_STYLE = Automatic;
				CURRENT_PROJECT_VERSION = 1;
				DEVELOPMENT_ASSET_PATHS = "\"InvestmentsApp/Preview Content\"";
				DEVELOPMENT_TEAM = 836WWF38RW;
				ENABLE_PREVIEWS = YES;
				GENERATE_INFOPLIST_FILE = YES;
				INFOPLIST_KEY_UIApplicationSceneManifest_Generation = YES;
				INFOPLIST_KEY_UIApplicationSupportsIndirectInputEvents = YES;
				INFOPLIST_KEY_UILaunchScreen_Generation = YES;
				INFOPLIST_KEY_UISupportedInterfaceOrientations_iPad = "UIInterfaceOrientationPortrait UIInterfaceOrientationPortraitUpsideDown UIInterfaceOrientationLandscapeLeft UIInterfaceOrientationLandscapeRight";
				INFOPLIST_KEY_UISupportedInterfaceOrientations_iPhone = "UIInterfaceOrientationPortrait UIInterfaceOrientationLandscapeLeft UIInterfaceOrientationLandscapeRight";
				LD_RUNPATH_SEARCH_PATHS = (
					"$(inherited)",
					"@executable_path/Frameworks",
				);
				MARKETING_VERSION = 1.0;
				PRODUCT_BUNDLE_IDENTIFIER = "Lev-Litvak.InvestmentsApp";
				PRODUCT_NAME = "$(TARGET_NAME)";
				SWIFT_EMIT_LOC_STRINGS = YES;
				SWIFT_VERSION = 5.0;
				TARGETED_DEVICE_FAMILY = "1,2";
			};
			name = Debug;
		};
		3AEFA2EA284E32520021330F /* Release */ = {
			isa = XCBuildConfiguration;
			buildSettings = {
				ASSETCATALOG_COMPILER_APPICON_NAME = AppIcon;
				ASSETCATALOG_COMPILER_GLOBAL_ACCENT_COLOR_NAME = AccentColor;
				CODE_SIGN_STYLE = Automatic;
				CURRENT_PROJECT_VERSION = 1;
				DEVELOPMENT_ASSET_PATHS = "\"InvestmentsApp/Preview Content\"";
				DEVELOPMENT_TEAM = 836WWF38RW;
				ENABLE_PREVIEWS = YES;
				GENERATE_INFOPLIST_FILE = YES;
				INFOPLIST_KEY_UIApplicationSceneManifest_Generation = YES;
				INFOPLIST_KEY_UIApplicationSupportsIndirectInputEvents = YES;
				INFOPLIST_KEY_UILaunchScreen_Generation = YES;
				INFOPLIST_KEY_UISupportedInterfaceOrientations_iPad = "UIInterfaceOrientationPortrait UIInterfaceOrientationPortraitUpsideDown UIInterfaceOrientationLandscapeLeft UIInterfaceOrientationLandscapeRight";
				INFOPLIST_KEY_UISupportedInterfaceOrientations_iPhone = "UIInterfaceOrientationPortrait UIInterfaceOrientationLandscapeLeft UIInterfaceOrientationLandscapeRight";
				LD_RUNPATH_SEARCH_PATHS = (
					"$(inherited)",
					"@executable_path/Frameworks",
				);
				MARKETING_VERSION = 1.0;
				PRODUCT_BUNDLE_IDENTIFIER = "Lev-Litvak.InvestmentsApp";
				PRODUCT_NAME = "$(TARGET_NAME)";
				SWIFT_EMIT_LOC_STRINGS = YES;
				SWIFT_VERSION = 5.0;
				TARGETED_DEVICE_FAMILY = "1,2";
			};
			name = Release;
		};
/* End XCBuildConfiguration section */

/* Begin XCConfigurationList section */
		3AEFA2D5284E32510021330F /* Build configuration list for PBXProject "InvestmentsApp" */ = {
			isa = XCConfigurationList;
			buildConfigurations = (
				3AEFA2E6284E32520021330F /* Debug */,
				3AEFA2E7284E32520021330F /* Release */,
			);
			defaultConfigurationIsVisible = 0;
			defaultConfigurationName = Release;
		};
		3AEFA2E8284E32520021330F /* Build configuration list for PBXNativeTarget "InvestmentsApp" */ = {
			isa = XCConfigurationList;
			buildConfigurations = (
				3AEFA2E9284E32520021330F /* Debug */,
				3AEFA2EA284E32520021330F /* Release */,
			);
			defaultConfigurationIsVisible = 0;
			defaultConfigurationName = Release;
		};
/* End XCConfigurationList section */
	};
	rootObject = 3AEFA2D2284E32510021330F /* Project object */;
}
